
Microsoft Visual Studio Solution File, Format Version 12.00
Project("{FAE04EC0-301F-11D3-BF4B-00C04F79EFBC}") = "Nuages.Web", "Nuages.Web\Nuages.Web.csproj", "{540ED367-9F91-49DB-B686-A220C0B4CB4E}"
EndProject
Project("{FAE04EC0-301F-11D3-BF4B-00C04F79EFBC}") = "Nuages.Web.Tests", "Nuages.Web.Tests\Nuages.Web.Tests.csproj", "{C95A0A10-D3FC-4300-90D8-33E6952F1AFE}"
EndProject
Global
	GlobalSection(SolutionConfigurationPlatforms) = preSolution
		Debug|Any CPU = Debug|Any CPU
		Release|Any CPU = Release|Any CPU
	EndGlobalSection
	GlobalSection(ProjectConfigurationPlatforms) = postSolution
		{540ED367-9F91-49DB-B686-A220C0B4CB4E}.Debug|Any CPU.ActiveCfg = Debug|Any CPU
		{540ED367-9F91-49DB-B686-A220C0B4CB4E}.Debug|Any CPU.Build.0 = Debug|Any CPU
		{540ED367-9F91-49DB-B686-A220C0B4CB4E}.Release|Any CPU.ActiveCfg = Release|Any CPU
		{540ED367-9F91-49DB-B686-A220C0B4CB4E}.Release|Any CPU.Build.0 = Release|Any CPU
		{C95A0A10-D3FC-4300-90D8-33E6952F1AFE}.Debug|Any CPU.ActiveCfg = Debug|Any CPU
		{C95A0A10-D3FC-4300-90D8-33E6952F1AFE}.Debug|Any CPU.Build.0 = Debug|Any CPU
		{C95A0A10-D3FC-4300-90D8-33E6952F1AFE}.Release|Any CPU.ActiveCfg = Release|Any CPU
		{C95A0A10-D3FC-4300-90D8-33E6952F1AFE}.Release|Any CPU.Build.0 = Release|Any CPU
	EndGlobalSection
EndGlobal
